
Microsoft Visual Studio Solution File, Format Version 12.00
# Visual Studio Version 17
VisualStudioVersion = 17.2.32630.192
MinimumVisualStudioVersion = 10.0.40219.1
Project("{FAE04EC0-301F-11D3-BF4B-00C04F79EFBC}") = "CodingPackFrontRevised", "CodingPackFrontRevised.csproj", "{C6AE9E3A-BCE0-444D-8048-4DF22B796177}"
EndProject
Project("{2150E333-8FDC-42A3-9474-1A3956D46DE8}") = "Solution Items", "Solution Items", "{44BE17F1-35CF-4DC2-9653-AA1B4DCD1946}"
	ProjectSection(SolutionItems) = preProject
		.editorconfig = .editorconfig
	EndProjectSection
EndProject
Global
	GlobalSection(SolutionConfigurationPlatforms) = preSolution
		Debug|Any CPU = Debug|Any CPU
		Release|Any CPU = Release|Any CPU
	EndGlobalSection
	GlobalSection(ProjectConfigurationPlatforms) = postSolution
		{C6AE9E3A-BCE0-444D-8048-4DF22B796177}.Debug|Any CPU.ActiveCfg = Debug|Any CPU
		{C6AE9E3A-BCE0-444D-8048-4DF22B796177}.Debug|Any CPU.Build.0 = Debug|Any CPU
		{C6AE9E3A-BCE0-444D-8048-4DF22B796177}.Release|Any CPU.ActiveCfg = Release|Any CPU
		{C6AE9E3A-BCE0-444D-8048-4DF22B796177}.Release|Any CPU.Build.0 = Release|Any CPU
	EndGlobalSection
	GlobalSection(SolutionProperties) = preSolution
		HideSolutionNode = FALSE
	EndGlobalSection
	GlobalSection(ExtensibilityGlobals) = postSolution
		SolutionGuid = {AF75FEB0-4075-4F90-AD7D-247BC3BBA155}
	EndGlobalSection
EndGlobal
